
Microsoft Visual Studio Solution File, Format Version 12.00
# Visual Studio Version 17
VisualStudioVersion = 17.10.35027.167
MinimumVisualStudioVersion = 10.0.40219.1
Project("{9A19103F-16F7-4668-BE54-9A1E7A4F7556}") = "ShoeGrabOrderManagement", "shoe-grab-order\ShoeGrabOrderManagement.csproj", "{E74A8353-1224-4136-A6F6-980345D31034}"
EndProject
Project("{FAE04EC0-301F-11D3-BF4B-00C04F79EFBC}") = "ShoeGrabOrderManagementTests", "shoe-grab-tests\ShoeGrabOrderManagementTests.csproj", "{594B0661-FE43-443F-BF8C-FC90AFCBB656}"
EndProject
Project("{9A19103F-16F7-4668-BE54-9A1E7A4F7556}") = "ShoeGrabCommonModels", "shoe-grab-common\shoe-grab-common-lib\ShoeGrabCommonModels.csproj", "{314009D8-C2DD-43FF-B64B-95A893D9AC9B}"
EndProject
Project("{2150E333-8FDC-42A3-9474-1A3956D46DE8}") = "Projects", "Projects", "{F2EFE5EB-62EA-476A-A35E-19DFD0749845}"
EndProject
Project("{2150E333-8FDC-42A3-9474-1A3956D46DE8}") = "Tests", "Tests", "{4179D973-D47A-483E-A819-4EE6597E3E3D}"
EndProject
Global
	GlobalSection(SolutionConfigurationPlatforms) = preSolution
		Debug|Any CPU = Debug|Any CPU
		Release|Any CPU = Release|Any CPU
	EndGlobalSection
	GlobalSection(ProjectConfigurationPlatforms) = postSolution
		{E74A8353-1224-4136-A6F6-980345D31034}.Debug|Any CPU.ActiveCfg = Debug|Any CPU
		{E74A8353-1224-4136-A6F6-980345D31034}.Debug|Any CPU.Build.0 = Debug|Any CPU
		{E74A8353-1224-4136-A6F6-980345D31034}.Release|Any CPU.ActiveCfg = Release|Any CPU
		{E74A8353-1224-4136-A6F6-980345D31034}.Release|Any CPU.Build.0 = Release|Any CPU
		{594B0661-FE43-443F-BF8C-FC90AFCBB656}.Debug|Any CPU.ActiveCfg = Debug|Any CPU
		{594B0661-FE43-443F-BF8C-FC90AFCBB656}.Debug|Any CPU.Build.0 = Debug|Any CPU
		{594B0661-FE43-443F-BF8C-FC90AFCBB656}.Release|Any CPU.ActiveCfg = Release|Any CPU
		{594B0661-FE43-443F-BF8C-FC90AFCBB656}.Release|Any CPU.Build.0 = Release|Any CPU
		{314009D8-C2DD-43FF-B64B-95A893D9AC9B}.Debug|Any CPU.ActiveCfg = Debug|Any CPU
		{314009D8-C2DD-43FF-B64B-95A893D9AC9B}.Debug|Any CPU.Build.0 = Debug|Any CPU
		{314009D8-C2DD-43FF-B64B-95A893D9AC9B}.Release|Any CPU.ActiveCfg = Release|Any CPU
		{314009D8-C2DD-43FF-B64B-95A893D9AC9B}.Release|Any CPU.Build.0 = Release|Any CPU
	EndGlobalSection
	GlobalSection(SolutionProperties) = preSolution
		HideSolutionNode = FALSE
	EndGlobalSection
	GlobalSection(NestedProjects) = preSolution
		{594B0661-FE43-443F-BF8C-FC90AFCBB656} = {4179D973-D47A-483E-A819-4EE6597E3E3D}
		{314009D8-C2DD-43FF-B64B-95A893D9AC9B} = {F2EFE5EB-62EA-476A-A35E-19DFD0749845}
	EndGlobalSection
	GlobalSection(ExtensibilityGlobals) = postSolution
		SolutionGuid = {E5DF25B0-A5EF-4BD8-90F9-2CD538CCBBEE}
	EndGlobalSection
EndGlobal
